// !$*UTF8*$!
{
	archiveVersion = 1;
	classes = {
	};
	objectVersion = 77;
	objects = {

/* Begin PBXContainerItemProxy section */
		3A33B33C2CA9533B00833E6F /* PBXContainerItemProxy */ = {
			isa = PBXContainerItemProxy;
			containerPortal = 3A33B3232CA9533900833E6F /* Project object */;
			proxyType = 1;
			remoteGlobalIDString = 3A33B32A2CA9533900833E6F;
			remoteInfo = "Flask-Test-UI";
		};
		3A33B3462CA9533B00833E6F /* PBXContainerItemProxy */ = {
			isa = PBXContainerItemProxy;
			containerPortal = 3A33B3232CA9533900833E6F /* Project object */;
			proxyType = 1;
			remoteGlobalIDString = 3A33B32A2CA9533900833E6F;
			remoteInfo = "Flask-Test-UI";
		};
/* End PBXContainerItemProxy section */

/* Begin PBXFileReference section */
		3A33B32B2CA9533900833E6F /* Flask-Test-UI.app */ = {isa = PBXFileReference; explicitFileType = wrapper.application; includeInIndex = 0; path = "Flask-Test-UI.app"; sourceTree = BUILT_PRODUCTS_DIR; };
		3A33B33B2CA9533B00833E6F /* Flask-Test-UITests.xctest */ = {isa = PBXFileReference; explicitFileType = wrapper.cfbundle; includeInIndex = 0; path = "Flask-Test-UITests.xctest"; sourceTree = BUILT_PRODUCTS_DIR; };
		3A33B3452CA9533B00833E6F /* Flask-Test-UIUITests.xctest */ = {isa = PBXFileReference; explicitFileType = wrapper.cfbundle; includeInIndex = 0; path = "Flask-Test-UIUITests.xctest"; sourceTree = BUILT_PRODUCTS_DIR; };
/* End PBXFileReference section */

/* Begin PBXFileSystemSynchronizedRootGroup section */
		3A33B32D2CA9533900833E6F /* Flask-Test-UI */ = {
			isa = PBXFileSystemSynchronizedRootGroup;
			path = "Flask-Test-UI";
			sourceTree = "<group>";
		};
		3A33B33E2CA9533B00833E6F /* Flask-Test-UITests */ = {
			isa = PBXFileSystemSynchronizedRootGroup;
			path = "Flask-Test-UITests";
			sourceTree = "<group>";
		};
		3A33B3482CA9533B00833E6F /* Flask-Test-UIUITests */ = {
			isa = PBXFileSystemSynchronizedRootGroup;
			path = "Flask-Test-UIUITests";
			sourceTree = "<group>";
		};
/* End PBXFileSystemSynchronizedRootGroup section */

/* Begin PBXFrameworksBuildPhase section */
		3A33B3282CA9533900833E6F /* Frameworks */ = {
			isa = PBXFrameworksBuildPhase;
			buildActionMask = 2147483647;
			files = (
			);
			runOnlyForDeploymentPostprocessing = 0;
		};
		3A33B3382CA9533B00833E6F /* Frameworks */ = {
			isa = PBXFrameworksBuildPhase;
			buildActionMask = 2147483647;
			files = (
			);
			runOnlyForDeploymentPostprocessing = 0;
		};
		3A33B3422CA9533B00833E6F /* Frameworks */ = {
			isa = PBXFrameworksBuildPhase;
			buildActionMask = 2147483647;
			files = (
			);
			runOnlyForDeploymentPostprocessing = 0;
		};
/* End PBXFrameworksBuildPhase section */

/* Begin PBXGroup section */
		3A33B3222CA9533900833E6F = {
			isa = PBXGroup;
			children = (
				3A33B32D2CA9533900833E6F /* Flask-Test-UI */,
				3A33B33E2CA9533B00833E6F /* Flask-Test-UITests */,
				3A33B3482CA9533B00833E6F /* Flask-Test-UIUITests */,
				3A33B32C2CA9533900833E6F /* Products */,
			);
			sourceTree = "<group>";
		};
		3A33B32C2CA9533900833E6F /* Products */ = {
			isa = PBXGroup;
			children = (
				3A33B32B2CA9533900833E6F /* Flask-Test-UI.app */,
				3A33B33B2CA9533B00833E6F /* Flask-Test-UITests.xctest */,
				3A33B3452CA9533B00833E6F /* Flask-Test-UIUITests.xctest */,
			);
			name = Products;
			sourceTree = "<group>";
		};
/* End PBXGroup section */

/* Begin PBXNativeTarget section */
		3A33B32A2CA9533900833E6F /* Flask-Test-UI */ = {
			isa = PBXNativeTarget;
			buildConfigurationList = 3A33B34F2CA9533B00833E6F /* Build configuration list for PBXNativeTarget "Flask-Test-UI" */;
			buildPhases = (
				3A33B3272CA9533900833E6F /* Sources */,
				3A33B3282CA9533900833E6F /* Frameworks */,
				3A33B3292CA9533900833E6F /* Resources */,
			);
			buildRules = (
			);
			dependencies = (
			);
			fileSystemSynchronizedGroups = (
				3A33B32D2CA9533900833E6F /* Flask-Test-UI */,
			);
			name = "Flask-Test-UI";
			packageProductDependencies = (
			);
			productName = "Flask-Test-UI";
			productReference = 3A33B32B2CA9533900833E6F /* Flask-Test-UI.app */;
			productType = "com.apple.product-type.application";
		};
		3A33B33A2CA9533B00833E6F /* Flask-Test-UITests */ = {
			isa = PBXNativeTarget;
			buildConfigurationList = 3A33B3522CA9533B00833E6F /* Build configuration list for PBXNativeTarget "Flask-Test-UITests" */;
			buildPhases = (
				3A33B3372CA9533B00833E6F /* Sources */,
				3A33B3382CA9533B00833E6F /* Frameworks */,
				3A33B3392CA9533B00833E6F /* Resources */,
			);
			buildRules = (
			);
			dependencies = (
				3A33B33D2CA9533B00833E6F /* PBXTargetDependency */,
			);
			fileSystemSynchronizedGroups = (
				3A33B33E2CA9533B00833E6F /* Flask-Test-UITests */,
			);
			name = "Flask-Test-UITests";
			packageProductDependencies = (
			);
			productName = "Flask-Test-UITests";
			productReference = 3A33B33B2CA9533B00833E6F /* Flask-Test-UITests.xctest */;
			productType = "com.apple.product-type.bundle.unit-test";
		};
		3A33B3442CA9533B00833E6F /* Flask-Test-UIUITests */ = {
			isa = PBXNativeTarget;
			buildConfigurationList = 3A33B3552CA9533B00833E6F /* Build configuration list for PBXNativeTarget "Flask-Test-UIUITests" */;
			buildPhases = (
				3A33B3412CA9533B00833E6F /* Sources */,
				3A33B3422CA9533B00833E6F /* Frameworks */,
				3A33B3432CA9533B00833E6F /* Resources */,
			);
			buildRules = (
			);
			dependencies = (
				3A33B3472CA9533B00833E6F /* PBXTargetDependency */,
			);
			fileSystemSynchronizedGroups = (
				3A33B3482CA9533B00833E6F /* Flask-Test-UIUITests */,
			);
			name = "Flask-Test-UIUITests";
			packageProductDependencies = (
			);
			productName = "Flask-Test-UIUITests";
			productReference = 3A33B3452CA9533B00833E6F /* Flask-Test-UIUITests.xctest */;
			productType = "com.apple.product-type.bundle.ui-testing";
		};
/* End PBXNativeTarget section */

/* Begin PBXProject section */
		3A33B3232CA9533900833E6F /* Project object */ = {
			isa = PBXProject;
			attributes = {
				BuildIndependentTargetsInParallel = 1;
				LastSwiftUpdateCheck = 1600;
				LastUpgradeCheck = 1600;
				TargetAttributes = {
					3A33B32A2CA9533900833E6F = {
						CreatedOnToolsVersion = 16.0;
					};
					3A33B33A2CA9533B00833E6F = {
						CreatedOnToolsVersion = 16.0;
						TestTargetID = 3A33B32A2CA9533900833E6F;
					};
					3A33B3442CA9533B00833E6F = {
						CreatedOnToolsVersion = 16.0;
						TestTargetID = 3A33B32A2CA9533900833E6F;
					};
				};
			};
			buildConfigurationList = 3A33B3262CA9533900833E6F /* Build configuration list for PBXProject "Flask-Test-UI" */;
			developmentRegion = en;
			hasScannedForEncodings = 0;
			knownRegions = (
				en,
				Base,
			);
			mainGroup = 3A33B3222CA9533900833E6F;
			minimizedProjectReferenceProxies = 1;
			preferredProjectObjectVersion = 77;
			productRefGroup = 3A33B32C2CA9533900833E6F /* Products */;
			projectDirPath = "";
			projectRoot = "";
			targets = (
				3A33B32A2CA9533900833E6F /* Flask-Test-UI */,
				3A33B33A2CA9533B00833E6F /* Flask-Test-UITests */,
				3A33B3442CA9533B00833E6F /* Flask-Test-UIUITests */,
			);
		};
/* End PBXProject section */

/* Begin PBXResourcesBuildPhase section */
		3A33B3292CA9533900833E6F /* Resources */ = {
			isa = PBXResourcesBuildPhase;
			buildActionMask = 2147483647;
			files = (
			);
			runOnlyForDeploymentPostprocessing = 0;
		};
		3A33B3392CA9533B00833E6F /* Resources */ = {
			isa = PBXResourcesBuildPhase;
			buildActionMask = 2147483647;
			files = (
			);
			runOnlyForDeploymentPostprocessing = 0;
		};
		3A33B3432CA9533B00833E6F /* Resources */ = {
			isa = PBXResourcesBuildPhase;
			buildActionMask = 2147483647;
			files = (
			);
			runOnlyForDeploymentPostprocessing = 0;
		};
/* End PBXResourcesBuildPhase section */

/* Begin PBXSourcesBuildPhase section */
		3A33B3272CA9533900833E6F /* Sources */ = {
			isa = PBXSourcesBuildPhase;
			buildActionMask = 2147483647;
			files = (
			);
			runOnlyForDeploymentPostprocessing = 0;
		};
		3A33B3372CA9533B00833E6F /* Sources */ = {
			isa = PBXSourcesBuildPhase;
			buildActionMask = 2147483647;
			files = (
			);
			runOnlyForDeploymentPostprocessing = 0;
		};
		3A33B3412CA9533B00833E6F /* Sources */ = {
			isa = PBXSourcesBuildPhase;
			buildActionMask = 2147483647;
			files = (
			);
			runOnlyForDeploymentPostprocessing = 0;
		};
/* End PBXSourcesBuildPhase section */

/* Begin PBXTargetDependency section */
		3A33B33D2CA9533B00833E6F /* PBXTargetDependency */ = {
			isa = PBXTargetDependency;
			target = 3A33B32A2CA9533900833E6F /* Flask-Test-UI */;
			targetProxy = 3A33B33C2CA9533B00833E6F /* PBXContainerItemProxy */;
		};
		3A33B3472CA9533B00833E6F /* PBXTargetDependency */ = {
			isa = PBXTargetDependency;
			target = 3A33B32A2CA9533900833E6F /* Flask-Test-UI */;
			targetProxy = 3A33B3462CA9533B00833E6F /* PBXContainerItemProxy */;
		};
/* End PBXTargetDependency section */

/* Begin XCBuildConfiguration section */
		3A33B34D2CA9533B00833E6F /* Debug */ = {
			isa = XCBuildConfiguration;
			buildSettings = {
				ALWAYS_SEARCH_USER_PATHS = NO;
				ASSETCATALOG_COMPILER_GENERATE_SWIFT_ASSET_SYMBOL_EXTENSIONS = YES;
				CLANG_ANALYZER_NONNULL = YES;
				CLANG_ANALYZER_NUMBER_OBJECT_CONVERSION = YES_AGGRESSIVE;
				CLANG_CXX_LANGUAGE_STANDARD = "gnu++20";
				CLANG_ENABLE_MODULES = YES;
				CLANG_ENABLE_OBJC_ARC = YES;
				CLANG_ENABLE_OBJC_WEAK = YES;
				CLANG_WARN_BLOCK_CAPTURE_AUTORELEASING = YES;
				CLANG_WARN_BOOL_CONVERSION = YES;
				CLANG_WARN_COMMA = YES;
				CLANG_WARN_CONSTANT_CONVERSION = YES;
				CLANG_WARN_DEPRECATED_OBJC_IMPLEMENTATIONS = YES;
				CLANG_WARN_DIRECT_OBJC_ISA_USAGE = YES_ERROR;
				CLANG_WARN_DOCUMENTATION_COMMENTS = YES;
				CLANG_WARN_EMPTY_BODY = YES;
				CLANG_WARN_ENUM_CONVERSION = YES;
				CLANG_WARN_INFINITE_RECURSION = YES;
				CLANG_WARN_INT_CONVERSION = YES;
				CLANG_WARN_NON_LITERAL_NULL_CONVERSION = YES;
				CLANG_WARN_OBJC_IMPLICIT_RETAIN_SELF = YES;
				CLANG_WARN_OBJC_LITERAL_CONVERSION = YES;
				CLANG_WARN_OBJC_ROOT_CLASS = YES_ERROR;
				CLANG_WARN_QUOTED_INCLUDE_IN_FRAMEWORK_HEADER = YES;
				CLANG_WARN_RANGE_LOOP_ANALYSIS = YES;
				CLANG_WARN_STRICT_PROTOTYPES = YES;
				CLANG_WARN_SUSPICIOUS_MOVE = YES;
				CLANG_WARN_UNGUARDED_AVAILABILITY = YES_AGGRESSIVE;
				CLANG_WARN_UNREACHABLE_CODE = YES;
				CLANG_WARN__DUPLICATE_METHOD_MATCH = YES;
				COPY_PHASE_STRIP = NO;
				DEBUG_INFORMATION_FORMAT = dwarf;
				ENABLE_STRICT_OBJC_MSGSEND = YES;
				ENABLE_TESTABILITY = YES;
				ENABLE_USER_SCRIPT_SANDBOXING = YES;
				GCC_C_LANGUAGE_STANDARD = gnu17;
				GCC_DYNAMIC_NO_PIC = NO;
				GCC_NO_COMMON_BLOCKS = YES;
				GCC_OPTIMIZATION_LEVEL = 0;
				GCC_PREPROCESSOR_DEFINITIONS = (
					"DEBUG=1",
					"$(inherited)",
				);
				GCC_WARN_64_TO_32_BIT_CONVERSION = YES;
				GCC_WARN_ABOUT_RETURN_TYPE = YES_ERROR;
				GCC_WARN_UNDECLARED_SELECTOR = YES;
				GCC_WARN_UNINITIALIZED_AUTOS = YES_AGGRESSIVE;
				GCC_WARN_UNUSED_FUNCTION = YES;
				GCC_WARN_UNUSED_VARIABLE = YES;
				IPHONEOS_DEPLOYMENT_TARGET = 18.0;
				LOCALIZATION_PREFERS_STRING_CATALOGS = YES;
				MTL_ENABLE_DEBUG_INFO = INCLUDE_SOURCE;
				MTL_FAST_MATH = YES;
				ONLY_ACTIVE_ARCH = YES;
				SDKROOT = iphoneos;
				SWIFT_ACTIVE_COMPILATION_CONDITIONS = "DEBUG $(inherited)";
				SWIFT_OPTIMIZATION_LEVEL = "-Onone";
			};
			name = Debug;
		};
		3A33B34E2CA9533B00833E6F /* Release */ = {
			isa = XCBuildConfiguration;
			buildSettings = {
				ALWAYS_SEARCH_USER_PATHS = NO;
				ASSETCATALOG_COMPILER_GENERATE_SWIFT_ASSET_SYMBOL_EXTENSIONS = YES;
				CLANG_ANALYZER_NONNULL = YES;
				CLANG_ANALYZER_NUMBER_OBJECT_CONVERSION = YES_AGGRESSIVE;
				CLANG_CXX_LANGUAGE_STANDARD = "gnu++20";
				CLANG_ENABLE_MODULES = YES;
				CLANG_ENABLE_OBJC_ARC = YES;
				CLANG_ENABLE_OBJC_WEAK = YES;
				CLANG_WARN_BLOCK_CAPTURE_AUTORELEASING = YES;
				CLANG_WARN_BOOL_CONVERSION = YES;
				CLANG_WARN_COMMA = YES;
				CLANG_WARN_CONSTANT_CONVERSION = YES;
				CLANG_WARN_DEPRECATED_OBJC_IMPLEMENTATIONS = YES;
				CLANG_WARN_DIRECT_OBJC_ISA_USAGE = YES_ERROR;
				CLANG_WARN_DOCUMENTATION_COMMENTS = YES;
				CLANG_WARN_EMPTY_BODY = YES;
				CLANG_WARN_ENUM_CONVERSION = YES;
				CLANG_WARN_INFINITE_RECURSION = YES;
				CLANG_WARN_INT_CONVERSION = YES;
				CLANG_WARN_NON_LITERAL_NULL_CONVERSION = YES;
				CLANG_WARN_OBJC_IMPLICIT_RETAIN_SELF = YES;
				CLANG_WARN_OBJC_LITERAL_CONVERSION = YES;
				CLANG_WARN_OBJC_ROOT_CLASS = YES_ERROR;
				CLANG_WARN_QUOTED_INCLUDE_IN_FRAMEWORK_HEADER = YES;
				CLANG_WARN_RANGE_LOOP_ANALYSIS = YES;
				CLANG_WARN_STRICT_PROTOTYPES = YES;
				CLANG_WARN_SUSPICIOUS_MOVE = YES;
				CLANG_WARN_UNGUARDED_AVAILABILITY = YES_AGGRESSIVE;
				CLANG_WARN_UNREACHABLE_CODE = YES;
				CLANG_WARN__DUPLICATE_METHOD_MATCH = YES;
				COPY_PHASE_STRIP = NO;
				DEBUG_INFORMATION_FORMAT = "dwarf-with-dsym";
				ENABLE_NS_ASSERTIONS = NO;
				ENABLE_STRICT_OBJC_MSGSEND = YES;
				ENABLE_USER_SCRIPT_SANDBOXING = YES;
				GCC_C_LANGUAGE_STANDARD = gnu17;
				GCC_NO_COMMON_BLOCKS = YES;
				GCC_WARN_64_TO_32_BIT_CONVERSION = YES;
				GCC_WARN_ABOUT_RETURN_TYPE = YES_ERROR;
				GCC_WARN_UNDECLARED_SELECTOR = YES;
				GCC_WARN_UNINITIALIZED_AUTOS = YES_AGGRESSIVE;
				GCC_WARN_UNUSED_FUNCTION = YES;
				GCC_WARN_UNUSED_VARIABLE = YES;
				IPHONEOS_DEPLOYMENT_TARGET = 18.0;
				LOCALIZATION_PREFERS_STRING_CATALOGS = YES;
				MTL_ENABLE_DEBUG_INFO = NO;
				MTL_FAST_MATH = YES;
				SDKROOT = iphoneos;
				SWIFT_COMPILATION_MODE = wholemodule;
				VALIDATE_PRODUCT = YES;
			};
			name = Release;
		};
		3A33B3502CA9533B00833E6F /* Debug */ = {
			isa = XCBuildConfiguration;
			buildSettings = {
				ASSETCATALOG_COMPILER_APPICON_NAME = AppIcon;
				ASSETCATALOG_COMPILER_GLOBAL_ACCENT_COLOR_NAME = AccentColor;
				CODE_SIGN_STYLE = Automatic;
				CURRENT_PROJECT_VERSION = 1;
				DEVELOPMENT_ASSET_PATHS = "\"Flask-Test-UI/Preview Content\"";
				DEVELOPMENT_TEAM = SW8FY3LA3R;
				ENABLE_PREVIEWS = YES;
				GENERATE_INFOPLIST_FILE = YES;
				INFOPLIST_KEY_UIApplicationSceneManifest_Generation = YES;
				INFOPLIST_KEY_UIApplicationSupportsIndirectInputEvents = YES;
				INFOPLIST_KEY_UILaunchScreen_Generation = YES;
				INFOPLIST_KEY_UISupportedInterfaceOrientations_iPad = "UIInterfaceOrientationPortrait UIInterfaceOrientationPortraitUpsideDown UIInterfaceOrientationLandscapeLeft UIInterfaceOrientationLandscapeRight";
				INFOPLIST_KEY_UISupportedInterfaceOrientations_iPhone = "UIInterfaceOrientationPortrait UIInterfaceOrientationLandscapeLeft UIInterfaceOrientationLandscapeRight";
				LD_RUNPATH_SEARCH_PATHS = (
					"$(inherited)",
					"@executable_path/Frameworks",
				);
				MARKETING_VERSION = 1.0;
				PRODUCT_BUNDLE_IDENTIFIER = "hnsarthh.personal.Flask-Test-UI";
				PRODUCT_NAME = "$(TARGET_NAME)";
				SWIFT_EMIT_LOC_STRINGS = YES;
				SWIFT_VERSION = 5.0;
				TARGETED_DEVICE_FAMILY = "1,2";
			};
			name = Debug;
		};
		3A33B3512CA9533B00833E6F /* Release */ = {
			isa = XCBuildConfiguration;
			buildSettings = {
				ASSETCATALOG_COMPILER_APPICON_NAME = AppIcon;
				ASSETCATALOG_COMPILER_GLOBAL_ACCENT_COLOR_NAME = AccentColor;
				CODE_SIGN_STYLE = Automatic;
				CURRENT_PROJECT_VERSION = 1;
				DEVELOPMENT_ASSET_PATHS = "\"Flask-Test-UI/Preview Content\"";
				DEVELOPMENT_TEAM = SW8FY3LA3R;
				ENABLE_PREVIEWS = YES;
				GENERATE_INFOPLIST_FILE = YES;
				INFOPLIST_KEY_UIApplicationSceneManifest_Generation = YES;
				INFOPLIST_KEY_UIApplicationSupportsIndirectInputEvents = YES;
				INFOPLIST_KEY_UILaunchScreen_Generation = YES;
				INFOPLIST_KEY_UISupportedInterfaceOrientations_iPad = "UIInterfaceOrientationPortrait UIInterfaceOrientationPortraitUpsideDown UIInterfaceOrientationLandscapeLeft UIInterfaceOrientationLandscapeRight";
				INFOPLIST_KEY_UISupportedInterfaceOrientations_iPhone = "UIInterfaceOrientationPortrait UIInterfaceOrientationLandscapeLeft UIInterfaceOrientationLandscapeRight";
				LD_RUNPATH_SEARCH_PATHS = (
					"$(inherited)",
					"@executable_path/Frameworks",
				);
				MARKETING_VERSION = 1.0;
				PRODUCT_BUNDLE_IDENTIFIER = "hnsarthh.personal.Flask-Test-UI";
				PRODUCT_NAME = "$(TARGET_NAME)";
				SWIFT_EMIT_LOC_STRINGS = YES;
				SWIFT_VERSION = 5.0;
				TARGETED_DEVICE_FAMILY = "1,2";
			};
			name = Release;
		};
		3A33B3532CA9533B00833E6F /* Debug */ = {
			isa = XCBuildConfiguration;
			buildSettings = {
				BUNDLE_LOADER = "$(TEST_HOST)";
				CODE_SIGN_STYLE = Automatic;
				CURRENT_PROJECT_VERSION = 1;
				DEVELOPMENT_TEAM = SW8FY3LA3R;
				GENERATE_INFOPLIST_FILE = YES;
				IPHONEOS_DEPLOYMENT_TARGET = 18.0;
				MARKETING_VERSION = 1.0;
				PRODUCT_BUNDLE_IDENTIFIER = "hnsarthh.personal.Flask-Test-UITests";
				PRODUCT_NAME = "$(TARGET_NAME)";
				SWIFT_EMIT_LOC_STRINGS = NO;
				SWIFT_VERSION = 5.0;
				TARGETED_DEVICE_FAMILY = "1,2";
				TEST_HOST = "$(BUILT_PRODUCTS_DIR)/Flask-Test-UI.app/$(BUNDLE_EXECUTABLE_FOLDER_PATH)/Flask-Test-UI";
			};
			name = Debug;
		};
		3A33B3542CA9533B00833E6F /* Release */ = {
			isa = XCBuildConfiguration;
			buildSettings = {
				BUNDLE_LOADER = "$(TEST_HOST)";
				CODE_SIGN_STYLE = Automatic;
				CURRENT_PROJECT_VERSION = 1;
				DEVELOPMENT_TEAM = SW8FY3LA3R;
				GENERATE_INFOPLIST_FILE = YES;
				IPHONEOS_DEPLOYMENT_TARGET = 18.0;
				MARKETING_VERSION = 1.0;
				PRODUCT_BUNDLE_IDENTIFIER = "hnsarthh.personal.Flask-Test-UITests";
				PRODUCT_NAME = "$(TARGET_NAME)";
				SWIFT_EMIT_LOC_STRINGS = NO;
				SWIFT_VERSION = 5.0;
				TARGETED_DEVICE_FAMILY = "1,2";
				TEST_HOST = "$(BUILT_PRODUCTS_DIR)/Flask-Test-UI.app/$(BUNDLE_EXECUTABLE_FOLDER_PATH)/Flask-Test-UI";
			};
			name = Release;
		};
		3A33B3562CA9533B00833E6F /* Debug */ = {
			isa = XCBuildConfiguration;
			buildSettings = {
				CODE_SIGN_STYLE = Automatic;
				CURRENT_PROJECT_VERSION = 1;
				DEVELOPMENT_TEAM = SW8FY3LA3R;
				GENERATE_INFOPLIST_FILE = YES;
				MARKETING_VERSION = 1.0;
				PRODUCT_BUNDLE_IDENTIFIER = "hnsarthh.personal.Flask-Test-UIUITests";
				PRODUCT_NAME = "$(TARGET_NAME)";
				SWIFT_EMIT_LOC_STRINGS = NO;
				SWIFT_VERSION = 5.0;
				TARGETED_DEVICE_FAMILY = "1,2";
				TEST_TARGET_NAME = "Flask-Test-UI";
			};
			name = Debug;
		};
		3A33B3572CA9533B00833E6F /* Release */ = {
			isa = XCBuildConfiguration;
			buildSettings = {
				CODE_SIGN_STYLE = Automatic;
				CURRENT_PROJECT_VERSION = 1;
				DEVELOPMENT_TEAM = SW8FY3LA3R;
				GENERATE_INFOPLIST_FILE = YES;
				MARKETING_VERSION = 1.0;
				PRODUCT_BUNDLE_IDENTIFIER = "hnsarthh.personal.Flask-Test-UIUITests";
				PRODUCT_NAME = "$(TARGET_NAME)";
				SWIFT_EMIT_LOC_STRINGS = NO;
				SWIFT_VERSION = 5.0;
				TARGETED_DEVICE_FAMILY = "1,2";
				TEST_TARGET_NAME = "Flask-Test-UI";
			};
			name = Release;
		};
/* End XCBuildConfiguration section */

/* Begin XCConfigurationList section */
		3A33B3262CA9533900833E6F /* Build configuration list for PBXProject "Flask-Test-UI" */ = {
			isa = XCConfigurationList;
			buildConfigurations = (
				3A33B34D2CA9533B00833E6F /* Debug */,
				3A33B34E2CA9533B00833E6F /* Release */,
			);
			defaultConfigurationIsVisible = 0;
			defaultConfigurationName = Release;
		};
		3A33B34F2CA9533B00833E6F /* Build configuration list for PBXNativeTarget "Flask-Test-UI" */ = {
			isa = XCConfigurationList;
			buildConfigurations = (
				3A33B3502CA9533B00833E6F /* Debug */,
				3A33B3512CA9533B00833E6F /* Release */,
			);
			defaultConfigurationIsVisible = 0;
			defaultConfigurationName = Release;
		};
		3A33B3522CA9533B00833E6F /* Build configuration list for PBXNativeTarget "Flask-Test-UITests" */ = {
			isa = XCConfigurationList;
			buildConfigurations = (
				3A33B3532CA9533B00833E6F /* Debug */,
				3A33B3542CA9533B00833E6F /* Release */,
			);
			defaultConfigurationIsVisible = 0;
			defaultConfigurationName = Release;
		};
		3A33B3552CA9533B00833E6F /* Build configuration list for PBXNativeTarget "Flask-Test-UIUITests" */ = {
			isa = XCConfigurationList;
			buildConfigurations = (
				3A33B3562CA9533B00833E6F /* Debug */,
				3A33B3572CA9533B00833E6F /* Release */,
			);
			defaultConfigurationIsVisible = 0;
			defaultConfigurationName = Release;
		};
/* End XCConfigurationList section */
	};
	rootObject = 3A33B3232CA9533900833E6F /* Project object */;
}
